
Microsoft Visual Studio Solution File, Format Version 12.00
# Visual Studio Version 17
VisualStudioVersion = 17.4.33122.133
MinimumVisualStudioVersion = 10.0.40219.1
Project("{FAE04EC0-301F-11D3-BF4B-00C04F79EFBC}") = "Survey_Project4", "Survey_Project4\Survey_Project4.csproj", "{1E12B44C-E78F-4560-B60E-C884761E17F7}"
EndProject
Global
	GlobalSection(SolutionConfigurationPlatforms) = preSolution
		Debug|Any CPU = Debug|Any CPU
		Release|Any CPU = Release|Any CPU
	EndGlobalSection
	GlobalSection(ProjectConfigurationPlatforms) = postSolution
		{1E12B44C-E78F-4560-B60E-C884761E17F7}.Debug|Any CPU.ActiveCfg = Debug|Any CPU
		{1E12B44C-E78F-4560-B60E-C884761E17F7}.Debug|Any CPU.Build.0 = Debug|Any CPU
		{1E12B44C-E78F-4560-B60E-C884761E17F7}.Release|Any CPU.ActiveCfg = Release|Any CPU
		{1E12B44C-E78F-4560-B60E-C884761E17F7}.Release|Any CPU.Build.0 = Release|Any CPU
	EndGlobalSection
	GlobalSection(SolutionProperties) = preSolution
		HideSolutionNode = FALSE
	EndGlobalSection
	GlobalSection(ExtensibilityGlobals) = postSolution
		SolutionGuid = {798E7254-A243-4B4B-9B59-2273876E434D}
	EndGlobalSection
EndGlobal
